
Microsoft Visual Studio Solution File, Format Version 12.00
# Visual Studio 15
VisualStudioVersion = 15.0.27703.2042
MinimumVisualStudioVersion = 10.0.40219.1
Project("{9A19103F-16F7-4668-BE54-9A1E7A4F7556}") = "Note.Api", "src\Note.Api\Note.Api.csproj", "{08D096D2-275A-496C-B240-3F72A7A36E22}"
EndProject
Project("{9A19103F-16F7-4668-BE54-9A1E7A4F7556}") = "Note.Core", "src\Note.Core\Note.Core.csproj", "{8CAAFE78-16E1-49F0-A8BB-0CCF1CE2C6CF}"
EndProject
Project("{2150E333-8FDC-42A3-9474-1A3956D46DE8}") = "src", "src", "{1CFC9206-B7AC-4151-AC8A-A59CA98052DB}"
EndProject
Project("{2150E333-8FDC-42A3-9474-1A3956D46DE8}") = "tests", "tests", "{3BF6C411-81BD-4F08-AF28-17C879C4A017}"
EndProject
Project("{9A19103F-16F7-4668-BE54-9A1E7A4F7556}") = "Note.Infra", "src\Note.Infra\Note.Infra.csproj", "{714C2114-C77A-421C-82D8-2F7542E6CB83}"
EndProject
Project("{2150E333-8FDC-42A3-9474-1A3956D46DE8}") = "doc", "doc", "{F51AD134-62F2-4F16-AC42-D9F414DB0653}"
	ProjectSection(SolutionItems) = preProject
		doc\todo.md = doc\todo.md
	EndProjectSection
EndProject
Global
	GlobalSection(SolutionConfigurationPlatforms) = preSolution
		Debug|Any CPU = Debug|Any CPU
		Release|Any CPU = Release|Any CPU
	EndGlobalSection
	GlobalSection(ProjectConfigurationPlatforms) = postSolution
		{08D096D2-275A-496C-B240-3F72A7A36E22}.Debug|Any CPU.ActiveCfg = Debug|Any CPU
		{08D096D2-275A-496C-B240-3F72A7A36E22}.Debug|Any CPU.Build.0 = Debug|Any CPU
		{08D096D2-275A-496C-B240-3F72A7A36E22}.Release|Any CPU.ActiveCfg = Release|Any CPU
		{08D096D2-275A-496C-B240-3F72A7A36E22}.Release|Any CPU.Build.0 = Release|Any CPU
		{8CAAFE78-16E1-49F0-A8BB-0CCF1CE2C6CF}.Debug|Any CPU.ActiveCfg = Debug|Any CPU
		{8CAAFE78-16E1-49F0-A8BB-0CCF1CE2C6CF}.Debug|Any CPU.Build.0 = Debug|Any CPU
		{8CAAFE78-16E1-49F0-A8BB-0CCF1CE2C6CF}.Release|Any CPU.ActiveCfg = Release|Any CPU
		{8CAAFE78-16E1-49F0-A8BB-0CCF1CE2C6CF}.Release|Any CPU.Build.0 = Release|Any CPU
		{714C2114-C77A-421C-82D8-2F7542E6CB83}.Debug|Any CPU.ActiveCfg = Debug|Any CPU
		{714C2114-C77A-421C-82D8-2F7542E6CB83}.Debug|Any CPU.Build.0 = Debug|Any CPU
		{714C2114-C77A-421C-82D8-2F7542E6CB83}.Release|Any CPU.ActiveCfg = Release|Any CPU
		{714C2114-C77A-421C-82D8-2F7542E6CB83}.Release|Any CPU.Build.0 = Release|Any CPU
	EndGlobalSection
	GlobalSection(SolutionProperties) = preSolution
		HideSolutionNode = FALSE
	EndGlobalSection
	GlobalSection(NestedProjects) = preSolution
		{08D096D2-275A-496C-B240-3F72A7A36E22} = {1CFC9206-B7AC-4151-AC8A-A59CA98052DB}
		{8CAAFE78-16E1-49F0-A8BB-0CCF1CE2C6CF} = {1CFC9206-B7AC-4151-AC8A-A59CA98052DB}
		{714C2114-C77A-421C-82D8-2F7542E6CB83} = {1CFC9206-B7AC-4151-AC8A-A59CA98052DB}
	EndGlobalSection
	GlobalSection(ExtensibilityGlobals) = postSolution
		SolutionGuid = {9A8DC7CA-BC64-4810-A4B1-4A0D2B1E56D9}
	EndGlobalSection
EndGlobal
